
Microsoft Visual Studio Solution File, Format Version 12.00
# Visual Studio 15
VisualStudioVersion = 15.0.27703.2026
MinimumVisualStudioVersion = 10.0.40219.1
Project("{FAE04EC0-301F-11D3-BF4B-00C04F79EFBC}") = "Lab02UnitTesting", "Lab02UnitTesting\Lab02UnitTesting.csproj", "{F1B91404-5FBA-4ED4-ADDA-B725B07A6A50}"
EndProject
Project("{FAE04EC0-301F-11D3-BF4B-00C04F79EFBC}") = "XUnitTestProject1", "XUnitTestProject1\XUnitTestProject1.csproj", "{353F0E68-B545-435D-A799-25F332117698}"
EndProject
Global
	GlobalSection(SolutionConfigurationPlatforms) = preSolution
		Debug|Any CPU = Debug|Any CPU
		Release|Any CPU = Release|Any CPU
	EndGlobalSection
	GlobalSection(ProjectConfigurationPlatforms) = postSolution
		{F1B91404-5FBA-4ED4-ADDA-B725B07A6A50}.Debug|Any CPU.ActiveCfg = Debug|Any CPU
		{F1B91404-5FBA-4ED4-ADDA-B725B07A6A50}.Debug|Any CPU.Build.0 = Debug|Any CPU
		{F1B91404-5FBA-4ED4-ADDA-B725B07A6A50}.Release|Any CPU.ActiveCfg = Release|Any CPU
		{F1B91404-5FBA-4ED4-ADDA-B725B07A6A50}.Release|Any CPU.Build.0 = Release|Any CPU
		{353F0E68-B545-435D-A799-25F332117698}.Debug|Any CPU.ActiveCfg = Debug|Any CPU
		{353F0E68-B545-435D-A799-25F332117698}.Debug|Any CPU.Build.0 = Debug|Any CPU
		{353F0E68-B545-435D-A799-25F332117698}.Release|Any CPU.ActiveCfg = Release|Any CPU
		{353F0E68-B545-435D-A799-25F332117698}.Release|Any CPU.Build.0 = Release|Any CPU
	EndGlobalSection
	GlobalSection(SolutionProperties) = preSolution
		HideSolutionNode = FALSE
	EndGlobalSection
	GlobalSection(ExtensibilityGlobals) = postSolution
		SolutionGuid = {9A8D8CE3-395A-4212-9388-6EFCAFF7FA48}
	EndGlobalSection
EndGlobal
